
Microsoft Visual Studio Solution File, Format Version 12.00
# Blend for Visual Studio Version 16
VisualStudioVersion = 16.0.29613.14
MinimumVisualStudioVersion = 10.0.40219.1
Project("{FAE04EC0-301F-11D3-BF4B-00C04F79EFBC}") = "F4E-design", "F4E-design\F4E-design.csproj", "{BC68DD25-C37C-4AA0-97D3-ADE64B187203}"
EndProject
Global
	GlobalSection(SolutionConfigurationPlatforms) = preSolution
		Debug|Any CPU = Debug|Any CPU
		Release|Any CPU = Release|Any CPU
	EndGlobalSection
	GlobalSection(ProjectConfigurationPlatforms) = postSolution
		{BC68DD25-C37C-4AA0-97D3-ADE64B187203}.Debug|Any CPU.ActiveCfg = Debug|Any CPU
		{BC68DD25-C37C-4AA0-97D3-ADE64B187203}.Debug|Any CPU.Build.0 = Debug|Any CPU
		{BC68DD25-C37C-4AA0-97D3-ADE64B187203}.Release|Any CPU.ActiveCfg = Release|Any CPU
		{BC68DD25-C37C-4AA0-97D3-ADE64B187203}.Release|Any CPU.Build.0 = Release|Any CPU
	EndGlobalSection
	GlobalSection(SolutionProperties) = preSolution
		HideSolutionNode = FALSE
	EndGlobalSection
	GlobalSection(ExtensibilityGlobals) = postSolution
		SolutionGuid = {EA094CFA-772A-46DC-AE17-BCCBF5D57BAC}
	EndGlobalSection
EndGlobal
